
Microsoft Visual Studio Solution File, Format Version 12.00
# Visual Studio Version 17
VisualStudioVersion = 17.9.34607.119
MinimumVisualStudioVersion = 10.0.40219.1
Project("{888888A0-9F3D-457C-B088-3A5042F75D52}") = "Decimal places", "Decimal places\Decimal places.pyproj", "{C14495BF-4150-4309-B684-1BE2E1C29827}"
EndProject
Global
	GlobalSection(SolutionConfigurationPlatforms) = preSolution
		Debug|Any CPU = Debug|Any CPU
		Release|Any CPU = Release|Any CPU
	EndGlobalSection
	GlobalSection(ProjectConfigurationPlatforms) = postSolution
		{C14495BF-4150-4309-B684-1BE2E1C29827}.Debug|Any CPU.ActiveCfg = Debug|Any CPU
		{C14495BF-4150-4309-B684-1BE2E1C29827}.Release|Any CPU.ActiveCfg = Release|Any CPU
	EndGlobalSection
	GlobalSection(SolutionProperties) = preSolution
		HideSolutionNode = FALSE
	EndGlobalSection
	GlobalSection(ExtensibilityGlobals) = postSolution
		SolutionGuid = {23AF8FFA-6712-4486-8F3E-837EFEC6AA05}
	EndGlobalSection
EndGlobal
